
Microsoft Visual Studio Solution File, Format Version 12.00
# Visual Studio Version 16
VisualStudioVersion = 16.0.30804.86
MinimumVisualStudioVersion = 10.0.40219.1
Project("{FAE04EC0-301F-11D3-BF4B-00C04F79EFBC}") = "dotnet-csharp-webapi", "dotnet-csharp-webapi.csproj", "{11EBDA6B-21E2-4895-85D2-928EAD542830}"
EndProject
Global
	GlobalSection(SolutionConfigurationPlatforms) = preSolution
		Debug|Any CPU = Debug|Any CPU
		Release|Any CPU = Release|Any CPU
	EndGlobalSection
	GlobalSection(ProjectConfigurationPlatforms) = postSolution
		{11EBDA6B-21E2-4895-85D2-928EAD542830}.Debug|Any CPU.ActiveCfg = Debug|Any CPU
		{11EBDA6B-21E2-4895-85D2-928EAD542830}.Debug|Any CPU.Build.0 = Debug|Any CPU
		{11EBDA6B-21E2-4895-85D2-928EAD542830}.Release|Any CPU.ActiveCfg = Release|Any CPU
		{11EBDA6B-21E2-4895-85D2-928EAD542830}.Release|Any CPU.Build.0 = Release|Any CPU
	EndGlobalSection
	GlobalSection(SolutionProperties) = preSolution
		HideSolutionNode = FALSE
	EndGlobalSection
	GlobalSection(ExtensibilityGlobals) = postSolution
		SolutionGuid = {5C1380D2-E6A0-41FA-8735-93265218C3B2}
	EndGlobalSection
EndGlobal
